
Microsoft Visual Studio Solution File, Format Version 12.00
# Visual Studio Version 17
VisualStudioVersion = 17.9.34607.119
MinimumVisualStudioVersion = 10.0.40219.1
Project("{FAE04EC0-301F-11D3-BF4B-00C04F79EFBC}") = "Mentor138", "Mentor138\Mentor138.csproj", "{BC769DD5-BED8-41F1-A92A-ACC887406A00}"
EndProject
Global
	GlobalSection(SolutionConfigurationPlatforms) = preSolution
		Debug|Any CPU = Debug|Any CPU
		Release|Any CPU = Release|Any CPU
	EndGlobalSection
	GlobalSection(ProjectConfigurationPlatforms) = postSolution
		{BC769DD5-BED8-41F1-A92A-ACC887406A00}.Debug|Any CPU.ActiveCfg = Debug|Any CPU
		{BC769DD5-BED8-41F1-A92A-ACC887406A00}.Debug|Any CPU.Build.0 = Debug|Any CPU
		{BC769DD5-BED8-41F1-A92A-ACC887406A00}.Release|Any CPU.ActiveCfg = Release|Any CPU
		{BC769DD5-BED8-41F1-A92A-ACC887406A00}.Release|Any CPU.Build.0 = Release|Any CPU
	EndGlobalSection
	GlobalSection(SolutionProperties) = preSolution
		HideSolutionNode = FALSE
	EndGlobalSection
	GlobalSection(ExtensibilityGlobals) = postSolution
		SolutionGuid = {AD9BB91D-7797-41CF-9887-195DF22B2CAA}
	EndGlobalSection
EndGlobal
